
Microsoft Visual Studio Solution File, Format Version 12.00
# Visual Studio Version 16
VisualStudioVersion = 16.0.30011.22
MinimumVisualStudioVersion = 10.0.40219.1
Project("{FAE04EC0-301F-11D3-BF4B-00C04F79EFBC}") = "Graphics_3_Yaroslavsky", "Graphics_3_Yaroslavsky\Graphics_3_Yaroslavsky.csproj", "{7E0C18BC-F9BF-4987-8679-AEEC93B4EB34}"
EndProject
Global
	GlobalSection(SolutionConfigurationPlatforms) = preSolution
		Debug|Any CPU = Debug|Any CPU
		Release|Any CPU = Release|Any CPU
	EndGlobalSection
	GlobalSection(ProjectConfigurationPlatforms) = postSolution
		{7E0C18BC-F9BF-4987-8679-AEEC93B4EB34}.Debug|Any CPU.ActiveCfg = Release|Any CPU
		{7E0C18BC-F9BF-4987-8679-AEEC93B4EB34}.Debug|Any CPU.Build.0 = Release|Any CPU
		{7E0C18BC-F9BF-4987-8679-AEEC93B4EB34}.Release|Any CPU.ActiveCfg = Release|Any CPU
		{7E0C18BC-F9BF-4987-8679-AEEC93B4EB34}.Release|Any CPU.Build.0 = Release|Any CPU
	EndGlobalSection
	GlobalSection(SolutionProperties) = preSolution
		HideSolutionNode = FALSE
	EndGlobalSection
	GlobalSection(ExtensibilityGlobals) = postSolution
		SolutionGuid = {4313080D-4E84-40E4-80D5-4DD75A89EC33}
	EndGlobalSection
EndGlobal
